
Microsoft Visual Studio Solution File, Format Version 12.00
# Visual Studio Version 17
VisualStudioVersion = 17.0.32002.185
MinimumVisualStudioVersion = 10.0.40219.1
Project("{FAE04EC0-301F-11D3-BF4B-00C04F79EFBC}") = "GerenciamentoDeClientes.API", "GerenciamentoDeClientes.API\GerenciamentoDeClientes.API.csproj", "{02F906B3-6F5D-4171-AD2F-80AA1FA92D41}"
EndProject
Project("{FAE04EC0-301F-11D3-BF4B-00C04F79EFBC}") = "GerenciamentoDeClientes.Core", "GerenciamentoDeClientes.Core\GerenciamentoDeClientes.Core.csproj", "{C3E0BA4B-5845-46E3-A748-345B66DA1B97}"
EndProject
Global
	GlobalSection(SolutionConfigurationPlatforms) = preSolution
		Debug|Any CPU = Debug|Any CPU
		Release|Any CPU = Release|Any CPU
	EndGlobalSection
	GlobalSection(ProjectConfigurationPlatforms) = postSolution
		{02F906B3-6F5D-4171-AD2F-80AA1FA92D41}.Debug|Any CPU.ActiveCfg = Debug|Any CPU
		{02F906B3-6F5D-4171-AD2F-80AA1FA92D41}.Debug|Any CPU.Build.0 = Debug|Any CPU
		{02F906B3-6F5D-4171-AD2F-80AA1FA92D41}.Release|Any CPU.ActiveCfg = Release|Any CPU
		{02F906B3-6F5D-4171-AD2F-80AA1FA92D41}.Release|Any CPU.Build.0 = Release|Any CPU
		{C3E0BA4B-5845-46E3-A748-345B66DA1B97}.Debug|Any CPU.ActiveCfg = Debug|Any CPU
		{C3E0BA4B-5845-46E3-A748-345B66DA1B97}.Debug|Any CPU.Build.0 = Debug|Any CPU
		{C3E0BA4B-5845-46E3-A748-345B66DA1B97}.Release|Any CPU.ActiveCfg = Release|Any CPU
		{C3E0BA4B-5845-46E3-A748-345B66DA1B97}.Release|Any CPU.Build.0 = Release|Any CPU
	EndGlobalSection
	GlobalSection(SolutionProperties) = preSolution
		HideSolutionNode = FALSE
	EndGlobalSection
	GlobalSection(ExtensibilityGlobals) = postSolution
		SolutionGuid = {5BA946CD-7EB0-491B-8C18-3D15EACA1703}
	EndGlobalSection
EndGlobal
